// !$*UTF8*$!
{
	archiveVersion = 1;
	classes = {
	};
	objectVersion = 55;
	objects = {

/* Begin PBXBuildFile section */
		FA4C132D274272770016B6F2 /* UserNotifications.framework in Frameworks */ = {isa = PBXBuildFile; fileRef = FA4C132C274272770016B6F2 /* UserNotifications.framework */; };
		FA7156D8274340480088A48A /* FindPhoneSound.mp3 in Resources */ = {isa = PBXBuildFile; fileRef = FA7156D7274340480088A48A /* FindPhoneSound.mp3 */; };
		FAE716F2273D3A5C00E8AC37 /* AppDelegate.swift in Sources */ = {isa = PBXBuildFile; fileRef = FAE716F1273D3A5C00E8AC37 /* AppDelegate.swift */; };
		FAE716F4273D3A5C00E8AC37 /* SceneDelegate.swift in Sources */ = {isa = PBXBuildFile; fileRef = FAE716F3273D3A5C00E8AC37 /* SceneDelegate.swift */; };
		FAE716F6273D3A5C00E8AC37 /* ViewController.swift in Sources */ = {isa = PBXBuildFile; fileRef = FAE716F5273D3A5C00E8AC37 /* ViewController.swift */; };
		FAE716F9273D3A5C00E8AC37 /* Main.storyboard in Resources */ = {isa = PBXBuildFile; fileRef = FAE716F7273D3A5C00E8AC37 /* Main.storyboard */; };
		FAE716FB273D3A5D00E8AC37 /* Assets.xcassets in Resources */ = {isa = PBXBuildFile; fileRef = FAE716FA273D3A5D00E8AC37 /* Assets.xcassets */; };
		FAE716FE273D3A5D00E8AC37 /* LaunchScreen.storyboard in Resources */ = {isa = PBXBuildFile; fileRef = FAE716FC273D3A5D00E8AC37 /* LaunchScreen.storyboard */; };
		FAE71706273D59E800E8AC37 /* NotificationHandler.swift in Sources */ = {isa = PBXBuildFile; fileRef = FAE71705273D59E800E8AC37 /* NotificationHandler.swift */; };
/* End PBXBuildFile section */

/* Begin PBXFileReference section */
		FA4C132C274272770016B6F2 /* UserNotifications.framework */ = {isa = PBXFileReference; lastKnownFileType = wrapper.framework; name = UserNotifications.framework; path = System/Library/Frameworks/UserNotifications.framework; sourceTree = SDKROOT; };
		FA7156D7274340480088A48A /* FindPhoneSound.mp3 */ = {isa = PBXFileReference; lastKnownFileType = audio.mp3; path = FindPhoneSound.mp3; sourceTree = "<group>"; };
		FAE716EE273D3A5C00E8AC37 /* CentralBeaconApp.app */ = {isa = PBXFileReference; explicitFileType = wrapper.application; includeInIndex = 0; path = CentralBeaconApp.app; sourceTree = BUILT_PRODUCTS_DIR; };
		FAE716F1273D3A5C00E8AC37 /* AppDelegate.swift */ = {isa = PBXFileReference; lastKnownFileType = sourcecode.swift; path = AppDelegate.swift; sourceTree = "<group>"; };
		FAE716F3273D3A5C00E8AC37 /* SceneDelegate.swift */ = {isa = PBXFileReference; lastKnownFileType = sourcecode.swift; path = SceneDelegate.swift; sourceTree = "<group>"; };
		FAE716F5273D3A5C00E8AC37 /* ViewController.swift */ = {isa = PBXFileReference; lastKnownFileType = sourcecode.swift; path = ViewController.swift; sourceTree = "<group>"; };
		FAE716F8273D3A5C00E8AC37 /* Base */ = {isa = PBXFileReference; lastKnownFileType = file.storyboard; name = Base; path = Base.lproj/Main.storyboard; sourceTree = "<group>"; };
		FAE716FA273D3A5D00E8AC37 /* Assets.xcassets */ = {isa = PBXFileReference; lastKnownFileType = folder.assetcatalog; path = Assets.xcassets; sourceTree = "<group>"; };
		FAE716FD273D3A5D00E8AC37 /* Base */ = {isa = PBXFileReference; lastKnownFileType = file.storyboard; name = Base; path = Base.lproj/LaunchScreen.storyboard; sourceTree = "<group>"; };
		FAE716FF273D3A5D00E8AC37 /* Info.plist */ = {isa = PBXFileReference; lastKnownFileType = text.plist.xml; path = Info.plist; sourceTree = "<group>"; };
		FAE71705273D59E800E8AC37 /* NotificationHandler.swift */ = {isa = PBXFileReference; fileEncoding = 4; lastKnownFileType = sourcecode.swift; path = NotificationHandler.swift; sourceTree = "<group>"; };
/* End PBXFileReference section */

/* Begin PBXFrameworksBuildPhase section */
		FAE716EB273D3A5C00E8AC37 /* Frameworks */ = {
			isa = PBXFrameworksBuildPhase;
			buildActionMask = 2147483647;
			files = (
				FA4C132D274272770016B6F2 /* UserNotifications.framework in Frameworks */,
			);
			runOnlyForDeploymentPostprocessing = 0;
		};
/* End PBXFrameworksBuildPhase section */

/* Begin PBXGroup section */
		FA4C132B274272770016B6F2 /* Frameworks */ = {
			isa = PBXGroup;
			children = (
				FA4C132C274272770016B6F2 /* UserNotifications.framework */,
			);
			name = Frameworks;
			sourceTree = "<group>";
		};
		FAE716E5273D3A5C00E8AC37 = {
			isa = PBXGroup;
			children = (
				FAE716F0273D3A5C00E8AC37 /* CentralBeaconApp */,
				FAE716EF273D3A5C00E8AC37 /* Products */,
				FA4C132B274272770016B6F2 /* Frameworks */,
			);
			sourceTree = "<group>";
		};
		FAE716EF273D3A5C00E8AC37 /* Products */ = {
			isa = PBXGroup;
			children = (
				FAE716EE273D3A5C00E8AC37 /* CentralBeaconApp.app */,
			);
			name = Products;
			sourceTree = "<group>";
		};
		FAE716F0273D3A5C00E8AC37 /* CentralBeaconApp */ = {
			isa = PBXGroup;
			children = (
				FAE716F1273D3A5C00E8AC37 /* AppDelegate.swift */,
				FAE716F3273D3A5C00E8AC37 /* SceneDelegate.swift */,
				FAE716F5273D3A5C00E8AC37 /* ViewController.swift */,
				FAE71705273D59E800E8AC37 /* NotificationHandler.swift */,
				FAE716F7273D3A5C00E8AC37 /* Main.storyboard */,
				FAE716FA273D3A5D00E8AC37 /* Assets.xcassets */,
				FAE716FC273D3A5D00E8AC37 /* LaunchScreen.storyboard */,
				FA7156D7274340480088A48A /* FindPhoneSound.mp3 */,
				FAE716FF273D3A5D00E8AC37 /* Info.plist */,
			);
			path = CentralBeaconApp;
			sourceTree = "<group>";
		};
/* End PBXGroup section */

/* Begin PBXNativeTarget section */
		FAE716ED273D3A5C00E8AC37 /* CentralBeaconApp */ = {
			isa = PBXNativeTarget;
			buildConfigurationList = FAE71702273D3A5D00E8AC37 /* Build configuration list for PBXNativeTarget "CentralBeaconApp" */;
			buildPhases = (
				FAE716EA273D3A5C00E8AC37 /* Sources */,
				FAE716EB273D3A5C00E8AC37 /* Frameworks */,
				FAE716EC273D3A5C00E8AC37 /* Resources */,
			);
			buildRules = (
			);
			dependencies = (
			);
			name = CentralBeaconApp;
			productName = CentralBeaconApp;
			productReference = FAE716EE273D3A5C00E8AC37 /* CentralBeaconApp.app */;
			productType = "com.apple.product-type.application";
		};
/* End PBXNativeTarget section */

/* Begin PBXProject section */
		FAE716E6273D3A5C00E8AC37 /* Project object */ = {
			isa = PBXProject;
			attributes = {
				BuildIndependentTargetsInParallel = 1;
				LastSwiftUpdateCheck = 1310;
				LastUpgradeCheck = 1310;
				TargetAttributes = {
					FAE716ED273D3A5C00E8AC37 = {
						CreatedOnToolsVersion = 13.1;
					};
				};
			};
			buildConfigurationList = FAE716E9273D3A5C00E8AC37 /* Build configuration list for PBXProject "CentralBeaconApp" */;
			compatibilityVersion = "Xcode 13.0";
			developmentRegion = en;
			hasScannedForEncodings = 0;
			knownRegions = (
				en,
				Base,
			);
			mainGroup = FAE716E5273D3A5C00E8AC37;
			productRefGroup = FAE716EF273D3A5C00E8AC37 /* Products */;
			projectDirPath = "";
			projectRoot = "";
			targets = (
				FAE716ED273D3A5C00E8AC37 /* CentralBeaconApp */,
			);
		};
/* End PBXProject section */

/* Begin PBXResourcesBuildPhase section */
		FAE716EC273D3A5C00E8AC37 /* Resources */ = {
			isa = PBXResourcesBuildPhase;
			buildActionMask = 2147483647;
			files = (
				FA7156D8274340480088A48A /* FindPhoneSound.mp3 in Resources */,
				FAE716FE273D3A5D00E8AC37 /* LaunchScreen.storyboard in Resources */,
				FAE716FB273D3A5D00E8AC37 /* Assets.xcassets in Resources */,
				FAE716F9273D3A5C00E8AC37 /* Main.storyboard in Resources */,
			);
			runOnlyForDeploymentPostprocessing = 0;
		};
/* End PBXResourcesBuildPhase section */

/* Begin PBXSourcesBuildPhase section */
		FAE716EA273D3A5C00E8AC37 /* Sources */ = {
			isa = PBXSourcesBuildPhase;
			buildActionMask = 2147483647;
			files = (
				FAE716F6273D3A5C00E8AC37 /* ViewController.swift in Sources */,
				FAE71706273D59E800E8AC37 /* NotificationHandler.swift in Sources */,
				FAE716F2273D3A5C00E8AC37 /* AppDelegate.swift in Sources */,
				FAE716F4273D3A5C00E8AC37 /* SceneDelegate.swift in Sources */,
			);
			runOnlyForDeploymentPostprocessing = 0;
		};
/* End PBXSourcesBuildPhase section */

/* Begin PBXVariantGroup section */
		FAE716F7273D3A5C00E8AC37 /* Main.storyboard */ = {
			isa = PBXVariantGroup;
			children = (
				FAE716F8273D3A5C00E8AC37 /* Base */,
			);
			name = Main.storyboard;
			sourceTree = "<group>";
		};
		FAE716FC273D3A5D00E8AC37 /* LaunchScreen.storyboard */ = {
			isa = PBXVariantGroup;
			children = (
				FAE716FD273D3A5D00E8AC37 /* Base */,
			);
			name = LaunchScreen.storyboard;
			sourceTree = "<group>";
		};
/* End PBXVariantGroup section */

/* Begin XCBuildConfiguration section */
		FAE71700273D3A5D00E8AC37 /* Debug */ = {
			isa = XCBuildConfiguration;
			buildSettings = {
				ALWAYS_SEARCH_USER_PATHS = NO;
				CLANG_ANALYZER_NONNULL = YES;
				CLANG_ANALYZER_NUMBER_OBJECT_CONVERSION = YES_AGGRESSIVE;
				CLANG_CXX_LANGUAGE_STANDARD = "gnu++17";
				CLANG_CXX_LIBRARY = "libc++";
				CLANG_ENABLE_MODULES = YES;
				CLANG_ENABLE_OBJC_ARC = YES;
				CLANG_ENABLE_OBJC_WEAK = YES;
				CLANG_WARN_BLOCK_CAPTURE_AUTORELEASING = YES;
				CLANG_WARN_BOOL_CONVERSION = YES;
				CLANG_WARN_COMMA = YES;
				CLANG_WARN_CONSTANT_CONVERSION = YES;
				CLANG_WARN_DEPRECATED_OBJC_IMPLEMENTATIONS = YES;
				CLANG_WARN_DIRECT_OBJC_ISA_USAGE = YES_ERROR;
				CLANG_WARN_DOCUMENTATION_COMMENTS = YES;
				CLANG_WARN_EMPTY_BODY = YES;
				CLANG_WARN_ENUM_CONVERSION = YES;
				CLANG_WARN_INFINITE_RECURSION = YES;
				CLANG_WARN_INT_CONVERSION = YES;
				CLANG_WARN_NON_LITERAL_NULL_CONVERSION = YES;
				CLANG_WARN_OBJC_IMPLICIT_RETAIN_SELF = YES;
				CLANG_WARN_OBJC_LITERAL_CONVERSION = YES;
				CLANG_WARN_OBJC_ROOT_CLASS = YES_ERROR;
				CLANG_WARN_QUOTED_INCLUDE_IN_FRAMEWORK_HEADER = YES;
				CLANG_WARN_RANGE_LOOP_ANALYSIS = YES;
				CLANG_WARN_STRICT_PROTOTYPES = YES;
				CLANG_WARN_SUSPICIOUS_MOVE = YES;
				CLANG_WARN_UNGUARDED_AVAILABILITY = YES_AGGRESSIVE;
				CLANG_WARN_UNREACHABLE_CODE = YES;
				CLANG_WARN__DUPLICATE_METHOD_MATCH = YES;
				COPY_PHASE_STRIP = NO;
				DEBUG_INFORMATION_FORMAT = dwarf;
				ENABLE_STRICT_OBJC_MSGSEND = YES;
				ENABLE_TESTABILITY = YES;
				GCC_C_LANGUAGE_STANDARD = gnu11;
				GCC_DYNAMIC_NO_PIC = NO;
				GCC_NO_COMMON_BLOCKS = YES;
				GCC_OPTIMIZATION_LEVEL = 0;
				GCC_PREPROCESSOR_DEFINITIONS = (
					"DEBUG=1",
					"$(inherited)",
				);
				GCC_WARN_64_TO_32_BIT_CONVERSION = YES;
				GCC_WARN_ABOUT_RETURN_TYPE = YES_ERROR;
				GCC_WARN_UNDECLARED_SELECTOR = YES;
				GCC_WARN_UNINITIALIZED_AUTOS = YES_AGGRESSIVE;
				GCC_WARN_UNUSED_FUNCTION = YES;
				GCC_WARN_UNUSED_VARIABLE = YES;
				IPHONEOS_DEPLOYMENT_TARGET = 15.0;
				MTL_ENABLE_DEBUG_INFO = INCLUDE_SOURCE;
				MTL_FAST_MATH = YES;
				ONLY_ACTIVE_ARCH = YES;
				SDKROOT = iphoneos;
				SWIFT_ACTIVE_COMPILATION_CONDITIONS = DEBUG;
				SWIFT_OPTIMIZATION_LEVEL = "-Onone";
			};
			name = Debug;
		};
		FAE71701273D3A5D00E8AC37 /* Release */ = {
			isa = XCBuildConfiguration;
			buildSettings = {
				ALWAYS_SEARCH_USER_PATHS = NO;
				CLANG_ANALYZER_NONNULL = YES;
				CLANG_ANALYZER_NUMBER_OBJECT_CONVERSION = YES_AGGRESSIVE;
				CLANG_CXX_LANGUAGE_STANDARD = "gnu++17";
				CLANG_CXX_LIBRARY = "libc++";
				CLANG_ENABLE_MODULES = YES;
				CLANG_ENABLE_OBJC_ARC = YES;
				CLANG_ENABLE_OBJC_WEAK = YES;
				CLANG_WARN_BLOCK_CAPTURE_AUTORELEASING = YES;
				CLANG_WARN_BOOL_CONVERSION = YES;
				CLANG_WARN_COMMA = YES;
				CLANG_WARN_CONSTANT_CONVERSION = YES;
				CLANG_WARN_DEPRECATED_OBJC_IMPLEMENTATIONS = YES;
				CLANG_WARN_DIRECT_OBJC_ISA_USAGE = YES_ERROR;
				CLANG_WARN_DOCUMENTATION_COMMENTS = YES;
				CLANG_WARN_EMPTY_BODY = YES;
				CLANG_WARN_ENUM_CONVERSION = YES;
				CLANG_WARN_INFINITE_RECURSION = YES;
				CLANG_WARN_INT_CONVERSION = YES;
				CLANG_WARN_NON_LITERAL_NULL_CONVERSION = YES;
				CLANG_WARN_OBJC_IMPLICIT_RETAIN_SELF = YES;
				CLANG_WARN_OBJC_LITERAL_CONVERSION = YES;
				CLANG_WARN_OBJC_ROOT_CLASS = YES_ERROR;
				CLANG_WARN_QUOTED_INCLUDE_IN_FRAMEWORK_HEADER = YES;
				CLANG_WARN_RANGE_LOOP_ANALYSIS = YES;
				CLANG_WARN_STRICT_PROTOTYPES = YES;
				CLANG_WARN_SUSPICIOUS_MOVE = YES;
				CLANG_WARN_UNGUARDED_AVAILABILITY = YES_AGGRESSIVE;
				CLANG_WARN_UNREACHABLE_CODE = YES;
				CLANG_WARN__DUPLICATE_METHOD_MATCH = YES;
				COPY_PHASE_STRIP = NO;
				DEBUG_INFORMATION_FORMAT = "dwarf-with-dsym";
				ENABLE_NS_ASSERTIONS = NO;
				ENABLE_STRICT_OBJC_MSGSEND = YES;
				GCC_C_LANGUAGE_STANDARD = gnu11;
				GCC_NO_COMMON_BLOCKS = YES;
				GCC_WARN_64_TO_32_BIT_CONVERSION = YES;
				GCC_WARN_ABOUT_RETURN_TYPE = YES_ERROR;
				GCC_WARN_UNDECLARED_SELECTOR = YES;
				GCC_WARN_UNINITIALIZED_AUTOS = YES_AGGRESSIVE;
				GCC_WARN_UNUSED_FUNCTION = YES;
				GCC_WARN_UNUSED_VARIABLE = YES;
				IPHONEOS_DEPLOYMENT_TARGET = 15.0;
				MTL_ENABLE_DEBUG_INFO = NO;
				MTL_FAST_MATH = YES;
				SDKROOT = iphoneos;
				SWIFT_COMPILATION_MODE = wholemodule;
				SWIFT_OPTIMIZATION_LEVEL = "-O";
				VALIDATE_PRODUCT = YES;
			};
			name = Release;
		};
		FAE71703273D3A5D00E8AC37 /* Debug */ = {
			isa = XCBuildConfiguration;
			buildSettings = {
				ASSETCATALOG_COMPILER_APPICON_NAME = AppIcon;
				ASSETCATALOG_COMPILER_GLOBAL_ACCENT_COLOR_NAME = AccentColor;
				CODE_SIGN_STYLE = Automatic;
				CURRENT_PROJECT_VERSION = 1;
				DEVELOPMENT_TEAM = VWLXYU5QF8;
				GENERATE_INFOPLIST_FILE = YES;
				INFOPLIST_FILE = CentralBeaconApp/Info.plist;
				INFOPLIST_KEY_NSLocationAlwaysAndWhenInUseUsageDescription = "BLE 디바이스에서 버튼을 누르면 Location 정보를 가져와 App에 Alarm을 주어야 합니다.";
				INFOPLIST_KEY_NSLocationAlwaysUsageDescription = "BLE 디바이스에서 버튼을 누르면 Location 정보를 가져와 App에 Alarm을 주어야 합니다.";
				INFOPLIST_KEY_NSLocationWhenInUseUsageDescription = "BLE 디바이스에서 버튼을 누르면 Location 정보를 가져와 App에 Alarm을 주어야 합니다.";
				INFOPLIST_KEY_UIApplicationSupportsIndirectInputEvents = YES;
				INFOPLIST_KEY_UILaunchStoryboardName = LaunchScreen;
				INFOPLIST_KEY_UIMainStoryboardFile = Main;
				INFOPLIST_KEY_UISupportedInterfaceOrientations_iPad = "UIInterfaceOrientationPortrait UIInterfaceOrientationPortraitUpsideDown UIInterfaceOrientationLandscapeLeft UIInterfaceOrientationLandscapeRight";
				INFOPLIST_KEY_UISupportedInterfaceOrientations_iPhone = "UIInterfaceOrientationPortrait UIInterfaceOrientationLandscapeLeft UIInterfaceOrientationLandscapeRight";
				LD_RUNPATH_SEARCH_PATHS = (
					"$(inherited)",
					"@executable_path/Frameworks",
				);
				MARKETING_VERSION = 1.0;
				PRODUCT_BUNDLE_IDENTIFIER = kr.co.elixian.CentralBeaconApp;
				PRODUCT_NAME = "$(TARGET_NAME)";
				SWIFT_EMIT_LOC_STRINGS = YES;
				SWIFT_VERSION = 5.0;
				TARGETED_DEVICE_FAMILY = "1,2";
			};
			name = Debug;
		};
		FAE71704273D3A5D00E8AC37 /* Release */ = {
			isa = XCBuildConfiguration;
			buildSettings = {
				ASSETCATALOG_COMPILER_APPICON_NAME = AppIcon;
				ASSETCATALOG_COMPILER_GLOBAL_ACCENT_COLOR_NAME = AccentColor;
				CODE_SIGN_STYLE = Automatic;
				CURRENT_PROJECT_VERSION = 1;
				DEVELOPMENT_TEAM = VWLXYU5QF8;
				GENERATE_INFOPLIST_FILE = YES;
				INFOPLIST_FILE = CentralBeaconApp/Info.plist;
				INFOPLIST_KEY_NSLocationAlwaysAndWhenInUseUsageDescription = "BLE 디바이스에서 버튼을 누르면 Location 정보를 가져와 App에 Alarm을 주어야 합니다.";
				INFOPLIST_KEY_NSLocationAlwaysUsageDescription = "BLE 디바이스에서 버튼을 누르면 Location 정보를 가져와 App에 Alarm을 주어야 합니다.";
				INFOPLIST_KEY_NSLocationWhenInUseUsageDescription = "BLE 디바이스에서 버튼을 누르면 Location 정보를 가져와 App에 Alarm을 주어야 합니다.";
				INFOPLIST_KEY_UIApplicationSupportsIndirectInputEvents = YES;
				INFOPLIST_KEY_UILaunchStoryboardName = LaunchScreen;
				INFOPLIST_KEY_UIMainStoryboardFile = Main;
				INFOPLIST_KEY_UISupportedInterfaceOrientations_iPad = "UIInterfaceOrientationPortrait UIInterfaceOrientationPortraitUpsideDown UIInterfaceOrientationLandscapeLeft UIInterfaceOrientationLandscapeRight";
				INFOPLIST_KEY_UISupportedInterfaceOrientations_iPhone = "UIInterfaceOrientationPortrait UIInterfaceOrientationLandscapeLeft UIInterfaceOrientationLandscapeRight";
				LD_RUNPATH_SEARCH_PATHS = (
					"$(inherited)",
					"@executable_path/Frameworks",
				);
				MARKETING_VERSION = 1.0;
				PRODUCT_BUNDLE_IDENTIFIER = kr.co.elixian.CentralBeaconApp;
				PRODUCT_NAME = "$(TARGET_NAME)";
				SWIFT_EMIT_LOC_STRINGS = YES;
				SWIFT_VERSION = 5.0;
				TARGETED_DEVICE_FAMILY = "1,2";
			};
			name = Release;
		};
/* End XCBuildConfiguration section */

/* Begin XCConfigurationList section */
		FAE716E9273D3A5C00E8AC37 /* Build configuration list for PBXProject "CentralBeaconApp" */ = {
			isa = XCConfigurationList;
			buildConfigurations = (
				FAE71700273D3A5D00E8AC37 /* Debug */,
				FAE71701273D3A5D00E8AC37 /* Release */,
			);
			defaultConfigurationIsVisible = 0;
			defaultConfigurationName = Release;
		};
		FAE71702273D3A5D00E8AC37 /* Build configuration list for PBXNativeTarget "CentralBeaconApp" */ = {
			isa = XCConfigurationList;
			buildConfigurations = (
				FAE71703273D3A5D00E8AC37 /* Debug */,
				FAE71704273D3A5D00E8AC37 /* Release */,
			);
			defaultConfigurationIsVisible = 0;
			defaultConfigurationName = Release;
		};
/* End XCConfigurationList section */
	};
	rootObject = FAE716E6273D3A5C00E8AC37 /* Project object */;
}
